
Microsoft Visual Studio Solution File, Format Version 12.00
# Visual Studio Version 16
VisualStudioVersion = 16.0.29403.142
MinimumVisualStudioVersion = 10.0.40219.1
Project("{FAE04EC0-301F-11D3-BF4B-00C04F79EFBC}") = "Lab_3_2", "Lab_3_2.csproj", "{153B0D04-902B-439D-94D0-29DE50FA84CA}"
EndProject
Global
	GlobalSection(SolutionConfigurationPlatforms) = preSolution
		Debug|Any CPU = Debug|Any CPU
		Release|Any CPU = Release|Any CPU
	EndGlobalSection
	GlobalSection(ProjectConfigurationPlatforms) = postSolution
		{153B0D04-902B-439D-94D0-29DE50FA84CA}.Debug|Any CPU.ActiveCfg = Debug|Any CPU
		{153B0D04-902B-439D-94D0-29DE50FA84CA}.Debug|Any CPU.Build.0 = Debug|Any CPU
		{153B0D04-902B-439D-94D0-29DE50FA84CA}.Release|Any CPU.ActiveCfg = Release|Any CPU
		{153B0D04-902B-439D-94D0-29DE50FA84CA}.Release|Any CPU.Build.0 = Release|Any CPU
	EndGlobalSection
	GlobalSection(SolutionProperties) = preSolution
		HideSolutionNode = FALSE
	EndGlobalSection
	GlobalSection(ExtensibilityGlobals) = postSolution
		SolutionGuid = {DBD1CA1A-8EA1-40E8-9A42-4A5BA91DCE73}
	EndGlobalSection
EndGlobal
